
Microsoft Visual Studio Solution File, Format Version 12.00
# Visual Studio Version 17
VisualStudioVersion = 17.3.32708.82
MinimumVisualStudioVersion = 10.0.40219.1
Project("{FAE04EC0-301F-11D3-BF4B-00C04F79EFBC}") = "RenderControl", "RenderControl\RenderControl.csproj", "{8DAD829B-88A2-4B58-9EEE-21C76EBDBFDB}"
EndProject
Global
	GlobalSection(SolutionConfigurationPlatforms) = preSolution
		Debug|Any CPU = Debug|Any CPU
		Release|Any CPU = Release|Any CPU
	EndGlobalSection
	GlobalSection(ProjectConfigurationPlatforms) = postSolution
		{8DAD829B-88A2-4B58-9EEE-21C76EBDBFDB}.Debug|Any CPU.ActiveCfg = Debug|Any CPU
		{8DAD829B-88A2-4B58-9EEE-21C76EBDBFDB}.Debug|Any CPU.Build.0 = Debug|Any CPU
		{8DAD829B-88A2-4B58-9EEE-21C76EBDBFDB}.Release|Any CPU.ActiveCfg = Release|Any CPU
		{8DAD829B-88A2-4B58-9EEE-21C76EBDBFDB}.Release|Any CPU.Build.0 = Release|Any CPU
	EndGlobalSection
	GlobalSection(SolutionProperties) = preSolution
		HideSolutionNode = FALSE
	EndGlobalSection
	GlobalSection(ExtensibilityGlobals) = postSolution
		SolutionGuid = {660861CA-ADC1-4AF1-B55F-9E06FB641A69}
	EndGlobalSection
EndGlobal
